
Microsoft Visual Studio Solution File, Format Version 12.00
# Visual Studio Version 16
VisualStudioVersion = 16.0.33927.289
MinimumVisualStudioVersion = 10.0.40219.1
Project("{FAE04EC0-301F-11D3-BF4B-00C04F79EFBC}") = "CDiRipper", "CDiRipper.csproj", "{0C271B5B-1481-45C0-9B83-A8B17D5AC3ED}"
EndProject
Global
	GlobalSection(SolutionConfigurationPlatforms) = preSolution
		Debug|Any CPU = Debug|Any CPU
		Release|Any CPU = Release|Any CPU
	EndGlobalSection
	GlobalSection(ProjectConfigurationPlatforms) = postSolution
		{0C271B5B-1481-45C0-9B83-A8B17D5AC3ED}.Debug|Any CPU.ActiveCfg = Debug|Any CPU
		{0C271B5B-1481-45C0-9B83-A8B17D5AC3ED}.Debug|Any CPU.Build.0 = Debug|Any CPU
		{0C271B5B-1481-45C0-9B83-A8B17D5AC3ED}.Release|Any CPU.ActiveCfg = Release|Any CPU
		{0C271B5B-1481-45C0-9B83-A8B17D5AC3ED}.Release|Any CPU.Build.0 = Release|Any CPU
	EndGlobalSection
	GlobalSection(SolutionProperties) = preSolution
		HideSolutionNode = FALSE
	EndGlobalSection
	GlobalSection(ExtensibilityGlobals) = postSolution
		SolutionGuid = {B508B169-2B79-41FF-BFF6-EDEC3A7BBF05}
	EndGlobalSection
EndGlobal
